{
  "name": "convertpdf",
  "version": "1.0.0",
  "lockfileVersion": 1,
  "requires": true,
  "dependencies": {
    "pdf-to-text": {
      "version": "0.0.6",
      "resolved": "https://registry.npmjs.org/pdf-to-text/-/pdf-to-text-0.0.6.tgz",
      "integrity": "sha1-tfQNr6p5ytElidik9D6+Q13GnVM="
    }
  }
}
